
Microsoft Visual Studio Solution File, Format Version 12.00
# Visual Studio Version 17
VisualStudioVersion = 17.5.002.0
MinimumVisualStudioVersion = 10.0.40219.1
Project("{2150E333-8FDC-42A3-9474-1A3956D46DE8}") = "C#", "C#", "{B663DC82-813F-4DE9-8675-1715C4D567DD}"
EndProject
Project("{2150E333-8FDC-42A3-9474-1A3956D46DE8}") = "ASP.NET Core", "ASP.NET Core", "{4BD17AAD-B067-47D8-9FFE-D6134CFF51B5}"
EndProject
Project("{9A19103F-16F7-4668-BE54-9A1E7A4F7556}") = "ASP.NET Core", "C#\ASP.NET Core\Первое приложение на ASP.NET Core с .NET CLI\ASP.NET Core.csproj", "{2EE7CFBC-92B0-489F-8F13-21788113C18D}"
EndProject
Global
	GlobalSection(SolutionConfigurationPlatforms) = preSolution
		Debug|Any CPU = Debug|Any CPU
		Release|Any CPU = Release|Any CPU
	EndGlobalSection
	GlobalSection(ProjectConfigurationPlatforms) = postSolution
		{2EE7CFBC-92B0-489F-8F13-21788113C18D}.Debug|Any CPU.ActiveCfg = Debug|Any CPU
		{2EE7CFBC-92B0-489F-8F13-21788113C18D}.Debug|Any CPU.Build.0 = Debug|Any CPU
		{2EE7CFBC-92B0-489F-8F13-21788113C18D}.Release|Any CPU.ActiveCfg = Release|Any CPU
		{2EE7CFBC-92B0-489F-8F13-21788113C18D}.Release|Any CPU.Build.0 = Release|Any CPU
	EndGlobalSection
	GlobalSection(SolutionProperties) = preSolution
		HideSolutionNode = FALSE
	EndGlobalSection
	GlobalSection(NestedProjects) = preSolution
		{4BD17AAD-B067-47D8-9FFE-D6134CFF51B5} = {B663DC82-813F-4DE9-8675-1715C4D567DD}
		{2EE7CFBC-92B0-489F-8F13-21788113C18D} = {4BD17AAD-B067-47D8-9FFE-D6134CFF51B5}
	EndGlobalSection
	GlobalSection(ExtensibilityGlobals) = postSolution
		SolutionGuid = {0528B140-6339-4BD5-8129-73CB813B94D1}
	EndGlobalSection
EndGlobal
