
Microsoft Visual Studio Solution File, Format Version 12.00
# Visual Studio Version 17
VisualStudioVersion = 17.9.34622.214
MinimumVisualStudioVersion = 10.0.40219.1
Project("{FAE04EC0-301F-11D3-BF4B-00C04F79EFBC}") = "FormFile", "FormFile\FormFile.csproj", "{A1E4FC05-9936-4B2E-8A48-B41940D39ADA}"
EndProject
Global
	GlobalSection(SolutionConfigurationPlatforms) = preSolution
		Debug|Any CPU = Debug|Any CPU
		Release|Any CPU = Release|Any CPU
	EndGlobalSection
	GlobalSection(ProjectConfigurationPlatforms) = postSolution
		{A1E4FC05-9936-4B2E-8A48-B41940D39ADA}.Debug|Any CPU.ActiveCfg = Debug|Any CPU
		{A1E4FC05-9936-4B2E-8A48-B41940D39ADA}.Debug|Any CPU.Build.0 = Debug|Any CPU
		{A1E4FC05-9936-4B2E-8A48-B41940D39ADA}.Release|Any CPU.ActiveCfg = Release|Any CPU
		{A1E4FC05-9936-4B2E-8A48-B41940D39ADA}.Release|Any CPU.Build.0 = Release|Any CPU
	EndGlobalSection
	GlobalSection(SolutionProperties) = preSolution
		HideSolutionNode = FALSE
	EndGlobalSection
	GlobalSection(ExtensibilityGlobals) = postSolution
		SolutionGuid = {2E45684B-F5E6-4AAB-9A24-E46C51F3EC3D}
	EndGlobalSection
EndGlobal
